
Microsoft Visual Studio Solution File, Format Version 12.00
# Visual Studio Version 17
VisualStudioVersion = 17.0.31903.59
MinimumVisualStudioVersion = 10.0.40219.1
Project("{FAE04EC0-301F-11D3-BF4B-00C04F79EFBC}") = "FamilyTreeLibrary", "FamilyTreeLibrary\FamilyTreeLibrary.csproj", "{39946B7B-BABD-4FF6-A48A-D05E055D8E02}"
EndProject
Project("{FAE04EC0-301F-11D3-BF4B-00C04F79EFBC}") = "FamilyTreeScratch", "FamilyTreeScratch\FamilyTreeScratch.csproj", "{CF138466-2121-47CC-AA2A-17BCB591F864}"
EndProject
Project("{FAE04EC0-301F-11D3-BF4B-00C04F79EFBC}") = "FamilyTreeLibraryTest", "FamilyTreeLibraryTest\FamilyTreeLibraryTest.csproj", "{0BEC5E20-EB3D-465E-B2A8-C4951CDA8FB4}"
EndProject
Project("{FAE04EC0-301F-11D3-BF4B-00C04F79EFBC}") = "FamilyTreeAPI", "FamilyTreeAPI\FamilyTreeAPI.csproj", "{75CA28CC-D903-4814-8641-7EDC98602A83}"
EndProject
Global
	GlobalSection(SolutionConfigurationPlatforms) = preSolution
		Debug|Any CPU = Debug|Any CPU
		Release|Any CPU = Release|Any CPU
	EndGlobalSection
	GlobalSection(SolutionProperties) = preSolution
		HideSolutionNode = FALSE
	EndGlobalSection
	GlobalSection(ProjectConfigurationPlatforms) = postSolution
		{39946B7B-BABD-4FF6-A48A-D05E055D8E02}.Debug|Any CPU.ActiveCfg = Debug|Any CPU
		{39946B7B-BABD-4FF6-A48A-D05E055D8E02}.Debug|Any CPU.Build.0 = Debug|Any CPU
		{39946B7B-BABD-4FF6-A48A-D05E055D8E02}.Release|Any CPU.ActiveCfg = Release|Any CPU
		{39946B7B-BABD-4FF6-A48A-D05E055D8E02}.Release|Any CPU.Build.0 = Release|Any CPU
		{CF138466-2121-47CC-AA2A-17BCB591F864}.Debug|Any CPU.ActiveCfg = Debug|Any CPU
		{CF138466-2121-47CC-AA2A-17BCB591F864}.Debug|Any CPU.Build.0 = Debug|Any CPU
		{CF138466-2121-47CC-AA2A-17BCB591F864}.Release|Any CPU.ActiveCfg = Release|Any CPU
		{CF138466-2121-47CC-AA2A-17BCB591F864}.Release|Any CPU.Build.0 = Release|Any CPU
		{0BEC5E20-EB3D-465E-B2A8-C4951CDA8FB4}.Debug|Any CPU.ActiveCfg = Debug|Any CPU
		{0BEC5E20-EB3D-465E-B2A8-C4951CDA8FB4}.Debug|Any CPU.Build.0 = Debug|Any CPU
		{0BEC5E20-EB3D-465E-B2A8-C4951CDA8FB4}.Release|Any CPU.ActiveCfg = Release|Any CPU
		{0BEC5E20-EB3D-465E-B2A8-C4951CDA8FB4}.Release|Any CPU.Build.0 = Release|Any CPU
		{75CA28CC-D903-4814-8641-7EDC98602A83}.Debug|Any CPU.ActiveCfg = Debug|Any CPU
		{75CA28CC-D903-4814-8641-7EDC98602A83}.Debug|Any CPU.Build.0 = Debug|Any CPU
		{75CA28CC-D903-4814-8641-7EDC98602A83}.Release|Any CPU.ActiveCfg = Release|Any CPU
		{75CA28CC-D903-4814-8641-7EDC98602A83}.Release|Any CPU.Build.0 = Release|Any CPU
	EndGlobalSection
EndGlobal
